<?xml version="1.0" encoding="utf-8"?>
<Project ToolsVersion="4.0" xmlns="http://schemas.microsoft.com/developer/msbuild/2003">
  <ItemGroup>
    <Filter Include="Quelldateien">
      <UniqueIdentifier>{4FC737F1-C7A5-4376-A066-2A32D752A2FF}</UniqueIdentifier>
      <Extensions>cpp;c;cc;cxx;def;odl;idl;hpj;bat;asm;asmx</Extensions>
    </Filter>
    <Filter Include="Headerdateien">
      <UniqueIdentifier>{93995380-89BD-4b04-88EB-625FBE52EBFB}</UniqueIdentifier>
      <Extensions>h;hh;hpp;hxx;hm;inl;inc;xsd</Extensions>
    </Filter>
    <Filter Include="Ressourcendateien">
      <UniqueIdentifier>{67DA6AB6-F800-4c08-8B7A-83BB121AAD01}</UniqueIdentifier>
      <Extensions>rc;ico;cur;bmp;dlg;rc2;rct;bin;rgs;gif;jpg;jpeg;jpe;resx;tiff;tif;png;wav;mfcribbon-ms</Extensions>
    </Filter>
    <Filter Include="Quelldateien\alglib">
      <UniqueIdentifier>{242acaeb-0a63-4fd3-9bbc-54369455780c}</UniqueIdentifier>
    </Filter>
    <Filter Include="Headerdateien\alglib">
      <UniqueIdentifier>{11f0652d-486a-4df2-a4c1-380d03691026}</UniqueIdentifier>
    </Filter>
    <Filter Include="Quelldateien\SolutionTypes">
      <UniqueIdentifier>{8e1f6fdf-9d2b-47b9-a4ed-45f5de9480b7}</UniqueIdentifier>
    </Filter>
    <Filter Include="Quelldateien\Estimators">
      <UniqueIdentifier>{050b07dc-9be0-4c78-82e3-d1b862d22665}</UniqueIdentifier>
    </Filter>
    <Filter Include="Headerdateien\ParameterEstimation">
      <UniqueIdentifier>{e2dfed58-424f-4ad0-8102-5cba539b4c73}</UniqueIdentifier>
    </Filter>
    <Filter Include="Headerdateien\Solutions">
      <UniqueIdentifier>{b63ec128-8814-48a9-a0b3-a3cc7ef731b0}</UniqueIdentifier>
    </Filter>
  </ItemGroup>
  <ItemGroup>
    <ClInclude Include="Solution.h">
      <Filter>Headerdateien</Filter>
    </ClInclude>
    <ClInclude Include="CostCalculator.h">
      <Filter>Headerdateien</Filter>
    </ClInclude>
    <ClInclude Include="RSSCostCalculator.h">
      <Filter>Headerdateien</Filter>
    </ClInclude>
    <ClInclude Include="MeasurementDB.h">
      <Filter>Headerdateien</Filter>
    </ClInclude>
    <ClInclude Include="MeasurementDBReader.h">
      <Filter>Headerdateien</Filter>
    </ClInclude>
    <ClInclude Include="SolutionModifier.h">
      <Filter>Headerdateien</Filter>
    </ClInclude>
    <ClInclude Include="StartSolutionFinder.h">
      <Filter>Headerdateien</Filter>
    </ClInclude>
    <ClInclude Include="LatexPrinter.h">
      <Filter>Headerdateien</Filter>
    </ClInclude>
    <ClInclude Include="QualityLogger.h">
      <Filter>Headerdateien</Filter>
    </ClInclude>
    <ClInclude Include="RingQueue.h">
      <Filter>Headerdateien</Filter>
    </ClInclude>
    <ClInclude Include="TemperatureInitializer.h">
      <Filter>Headerdateien</Filter>
    </ClInclude>
    <ClInclude Include="LinearSolution.h">
      <Filter>Headerdateien</Filter>
    </ClInclude>
    <ClInclude Include="Configurator.h">
      <Filter>Headerdateien</Filter>
    </ClInclude>
    <ClInclude Include="LinearRegressionFinder.h">
      <Filter>Headerdateien</Filter>
    </ClInclude>
    <ClInclude Include="ExtraPSolution.h">
      <Filter>Headerdateien</Filter>
    </ClInclude>
    <ClInclude Include="alglib\alglibinternal.h">
      <Filter>Headerdateien\alglib</Filter>
    </ClInclude>
    <ClInclude Include="alglib\alglibmisc.h">
      <Filter>Headerdateien\alglib</Filter>
    </ClInclude>
    <ClInclude Include="alglib\ap.h">
      <Filter>Headerdateien\alglib</Filter>
    </ClInclude>
    <ClInclude Include="alglib\dataanalysis.h">
      <Filter>Headerdateien\alglib</Filter>
    </ClInclude>
    <ClInclude Include="alglib\diffequations.h">
      <Filter>Headerdateien\alglib</Filter>
    </ClInclude>
    <ClInclude Include="alglib\fasttransforms.h">
      <Filter>Headerdateien\alglib</Filter>
    </ClInclude>
    <ClInclude Include="alglib\integration.h">
      <Filter>Headerdateien\alglib</Filter>
    </ClInclude>
    <ClInclude Include="alglib\interpolation.h">
      <Filter>Headerdateien\alglib</Filter>
    </ClInclude>
    <ClInclude Include="alglib\linalg.h">
      <Filter>Headerdateien\alglib</Filter>
    </ClInclude>
    <ClInclude Include="alglib\optimization.h">
      <Filter>Headerdateien\alglib</Filter>
    </ClInclude>
    <ClInclude Include="alglib\solvers.h">
      <Filter>Headerdateien\alglib</Filter>
    </ClInclude>
    <ClInclude Include="alglib\specialfunctions.h">
      <Filter>Headerdateien\alglib</Filter>
    </ClInclude>
    <ClInclude Include="alglib\statistics.h">
      <Filter>Headerdateien\alglib</Filter>
    </ClInclude>
    <ClInclude Include="AlglibLinearRegressionFinder.h">
      <Filter>Headerdateien</Filter>
    </ClInclude>
    <ClInclude Include="nnrRSSCostCalculator.h">
      <Filter>Headerdateien</Filter>
    </ClInclude>
    <ClInclude Include="LinLogConversionRSSCalculator.h">
      <Filter>Headerdateien</Filter>
    </ClInclude>
    <ClInclude Include="TopRankQueue.h">
      <Filter>Headerdateien</Filter>
    </ClInclude>
    <ClInclude Include="FactorialSolution.h">
      <Filter>Headerdateien</Filter>
    </ClInclude>
    <ClInclude Include="SimAnMoTools.h">
      <Filter>Headerdateien</Filter>
    </ClInclude>
    <ClInclude Include="LibraryInterface.h">
      <Filter>Headerdateien</Filter>
    </ClInclude>
    <ClInclude Include="SimulatedAnnealingExtraP.h">
      <Filter>Headerdateien</Filter>
    </ClInclude>
    <ClInclude Include="InMaps.h">
      <Filter>Headerdateien</Filter>
    </ClInclude>
    <ClInclude Include="ParameterEstimator.h">
      <Filter>Headerdateien\ParameterEstimation</Filter>
    </ClInclude>
    <ClInclude Include="GeneralParameterEstimator.h">
      <Filter>Headerdateien\ParameterEstimation</Filter>
    </ClInclude>
    <ClInclude Include="EigenParameterEstimator.h">
      <Filter>Headerdateien\ParameterEstimation</Filter>
    </ClInclude>
    <ClInclude Include="raRSDParameterEstimator.h">
      <Filter>Headerdateien\ParameterEstimation</Filter>
    </ClInclude>
    <ClInclude Include="ParameterEstimatorInterface.h">
      <Filter>Headerdateien\ParameterEstimation</Filter>
    </ClInclude>
    <ClInclude Include="SimAnMoStatus.h">
      <Filter>Headerdateien</Filter>
    </ClInclude>
    <ClInclude Include="AbstractSolution.h">
      <Filter>Headerdateien\Solutions</Filter>
    </ClInclude>
    <ClInclude Include="ExponentialPolynomSolution.h">
      <Filter>Headerdateien\Solutions</Filter>
    </ClInclude>
    <ClInclude Include="ExponentialSolution.h">
      <Filter>Headerdateien\Solutions</Filter>
    </ClInclude>
  </ItemGroup>
  <ItemGroup>
    <ClCompile Include="SimulatedAnnealingExtraP.cpp">
      <Filter>Quelldateien</Filter>
    </ClCompile>
    <ClCompile Include="MeasurementDB.cpp">
      <Filter>Quelldateien</Filter>
    </ClCompile>
    <ClCompile Include="RSSCostCalculator.cpp">
      <Filter>Quelldateien</Filter>
    </ClCompile>
    <ClCompile Include="MeasurementDBReader.cpp">
      <Filter>Quelldateien</Filter>
    </ClCompile>
    <ClCompile Include="ParameterEstimator.cpp">
      <Filter>Quelldateien</Filter>
    </ClCompile>
    <ClCompile Include="SolutionModifier.cpp">
      <Filter>Quelldateien</Filter>
    </ClCompile>
    <ClCompile Include="StartSolutionFinder.cpp">
      <Filter>Quelldateien</Filter>
    </ClCompile>
    <ClCompile Include="LatexPrinter.cpp">
      <Filter>Quelldateien</Filter>
    </ClCompile>
    <ClCompile Include="QualityLogger.cpp">
      <Filter>Quelldateien</Filter>
    </ClCompile>
    <ClCompile Include="TemperatureInitializer.cpp">
      <Filter>Quelldateien</Filter>
    </ClCompile>
    <ClCompile Include="LinearRegressionFinder.cpp">
      <Filter>Quelldateien</Filter>
    </ClCompile>
    <ClCompile Include="alglib\specialfunctions.cpp">
      <Filter>Quelldateien</Filter>
    </ClCompile>
    <ClCompile Include="alglib\alglibinternal.cpp">
      <Filter>Quelldateien\alglib</Filter>
    </ClCompile>
    <ClCompile Include="alglib\alglibmisc.cpp">
      <Filter>Quelldateien\alglib</Filter>
    </ClCompile>
    <ClCompile Include="alglib\ap.cpp">
      <Filter>Quelldateien\alglib</Filter>
    </ClCompile>
    <ClCompile Include="alglib\dataanalysis.cpp">
      <Filter>Quelldateien\alglib</Filter>
    </ClCompile>
    <ClCompile Include="alglib\diffequations.cpp">
      <Filter>Quelldateien\alglib</Filter>
    </ClCompile>
    <ClCompile Include="alglib\linalg.cpp">
      <Filter>Quelldateien\alglib</Filter>
    </ClCompile>
    <ClCompile Include="alglib\interpolation.cpp">
      <Filter>Quelldateien\alglib</Filter>
    </ClCompile>
    <ClCompile Include="alglib\integration.cpp">
      <Filter>Quelldateien\alglib</Filter>
    </ClCompile>
    <ClCompile Include="alglib\fasttransforms.cpp">
      <Filter>Quelldateien\alglib</Filter>
    </ClCompile>
    <ClCompile Include="alglib\solvers.cpp">
      <Filter>Quelldateien\alglib</Filter>
    </ClCompile>
    <ClCompile Include="alglib\optimization.cpp">
      <Filter>Quelldateien\alglib</Filter>
    </ClCompile>
    <ClCompile Include="alglib\statistics.cpp">
      <Filter>Quelldateien\alglib</Filter>
    </ClCompile>
    <ClCompile Include="AlglibLinearRegressionFinder.cpp">
      <Filter>Quelldateien</Filter>
    </ClCompile>
    <ClCompile Include="nnrRSSCostCalculator.cpp">
      <Filter>Quelldateien</Filter>
    </ClCompile>
    <ClCompile Include="CostCalculator.cpp">
      <Filter>Quelldateien</Filter>
    </ClCompile>
    <ClCompile Include="ExponentialPolynomSolution.cpp">
      <Filter>Quelldateien\SolutionTypes</Filter>
    </ClCompile>
    <ClCompile Include="ExponentialSolution.cpp">
      <Filter>Quelldateien\SolutionTypes</Filter>
    </ClCompile>
    <ClCompile Include="Solution.cpp">
      <Filter>Quelldateien\SolutionTypes</Filter>
    </ClCompile>
    <ClCompile Include="LinearSolution.cpp">
      <Filter>Quelldateien\SolutionTypes</Filter>
    </ClCompile>
    <ClCompile Include="FactorialSolution.cpp">
      <Filter>Quelldateien\SolutionTypes</Filter>
    </ClCompile>
    <ClCompile Include="ExtraPSolution.cpp">
      <Filter>Quelldateien\SolutionTypes</Filter>
    </ClCompile>
    <ClCompile Include="SimAnMoTools.cpp">
      <Filter>Quelldateien</Filter>
    </ClCompile>
    <ClCompile Include="LibraryInterface.cpp">
      <Filter>Quelldateien</Filter>
    </ClCompile>
    <ClCompile Include="EigenParameterEstimator.cpp">
      <Filter>Quelldateien\Estimators</Filter>
    </ClCompile>
    <ClCompile Include="raRSDParameterEstimator.cpp">
      <Filter>Quelldateien\Estimators</Filter>
    </ClCompile>
    <ClCompile Include="GeneralParameterEstimator.cpp">
      <Filter>Quelldateien\Estimators</Filter>
    </ClCompile>
  </ItemGroup>
</Project>