<?xml version="1.0" encoding="utf-8"?>
<Project ToolsVersion="4.0" xmlns="http://schemas.microsoft.com/developer/msbuild/2003">
  <ItemGroup>
    <Filter Include="Source Files">
      <UniqueIdentifier>{942631cb-92a2-473b-b293-ffe2e1f1676c}</UniqueIdentifier>
      <Extensions>cpp;c;cxx;def;odl;idl;hpj;bat;asm</Extensions>
    </Filter>
    <Filter Include="Header Files">
      <UniqueIdentifier>{8bcb31fc-8d2b-4a9b-b626-1b1aad04099f}</UniqueIdentifier>
      <Extensions>h;hpp;hxx;hm;inl;inc</Extensions>
    </Filter>
    <Filter Include="Resource Files">
      <UniqueIdentifier>{23abb94d-ad8d-42e6-b847-eb8dc27258c6}</UniqueIdentifier>
      <Extensions>rc;ico;cur;bmp;dlg;rc2;rct;bin;rgs;gif;jpg;jpeg;jpe;r</Extensions>
    </Filter>
  </ItemGroup>
  <ItemGroup>
    <ClCompile Include="..\TestAll.cpp">
      <Filter>Source Files</Filter>
    </ClCompile>
    <ClCompile Include="..\TestFADBAD.cpp">
      <Filter>Source Files</Filter>
    </ClCompile>
    <ClCompile Include="..\TestTAD.cpp">
      <Filter>Source Files</Filter>
    </ClCompile>
    <ClCompile Include="..\TestUDT.cpp">
      <Filter>Source Files</Filter>
    </ClCompile>
  </ItemGroup>
  <ItemGroup>
    <ClInclude Include="..\IReportLogger.h">
      <Filter>Header Files</Filter>
    </ClInclude>
    <ClInclude Include="..\STDReportLog.h">
      <Filter>Header Files</Filter>
    </ClInclude>
    <ClInclude Include="..\TestFADBAD.h">
      <Filter>Header Files</Filter>
    </ClInclude>
    <ClInclude Include="..\TestTAD.h">
      <Filter>Header Files</Filter>
    </ClInclude>
    <ClInclude Include="..\TestUDT.h">
      <Filter>Header Files</Filter>
    </ClInclude>
  </ItemGroup>
</Project>